
Microsoft Visual Studio Solution File, Format Version 12.00
# Visual Studio 15
VisualStudioVersion = 15.0.27130.2036
MinimumVisualStudioVersion = 10.0.40219.1
Project("{8BC9CEB8-8B4A-11D0-8D11-00A0C91BC942}") = "Bai1", "Bai1\Bai1.vcxproj", "{C351909A-A123-4868-8E99-363D07E96842}"
EndProject
Project("{8BC9CEB8-8B4A-11D0-8D11-00A0C91BC942}") = "Bai2", "Bai2\Bai2.vcxproj", "{7337B65E-FD05-48B3-8D2B-AB9A1DE18510}"
EndProject
Project("{8BC9CEB8-8B4A-11D0-8D11-00A0C91BC942}") = "Bai3", "Bai3\Bai3.vcxproj", "{CDFE4FFC-02AB-4B2D-B2A3-C6BD9DAFBEE3}"
EndProject
Global
	GlobalSection(SolutionConfigurationPlatforms) = preSolution
		Debug|x64 = Debug|x64
		Debug|x86 = Debug|x86
		Release|x64 = Release|x64
		Release|x86 = Release|x86
	EndGlobalSection
	GlobalSection(ProjectConfigurationPlatforms) = postSolution
		{C351909A-A123-4868-8E99-363D07E96842}.Debug|x64.ActiveCfg = Debug|x64
		{C351909A-A123-4868-8E99-363D07E96842}.Debug|x64.Build.0 = Debug|x64
		{C351909A-A123-4868-8E99-363D07E96842}.Debug|x86.ActiveCfg = Debug|Win32
		{C351909A-A123-4868-8E99-363D07E96842}.Debug|x86.Build.0 = Debug|Win32
		{C351909A-A123-4868-8E99-363D07E96842}.Release|x64.ActiveCfg = Release|x64
		{C351909A-A123-4868-8E99-363D07E96842}.Release|x64.Build.0 = Release|x64
		{C351909A-A123-4868-8E99-363D07E96842}.Release|x86.ActiveCfg = Release|Win32
		{C351909A-A123-4868-8E99-363D07E96842}.Release|x86.Build.0 = Release|Win32
		{7337B65E-FD05-48B3-8D2B-AB9A1DE18510}.Debug|x64.ActiveCfg = Debug|x64
		{7337B65E-FD05-48B3-8D2B-AB9A1DE18510}.Debug|x64.Build.0 = Debug|x64
		{7337B65E-FD05-48B3-8D2B-AB9A1DE18510}.Debug|x86.ActiveCfg = Debug|Win32
		{7337B65E-FD05-48B3-8D2B-AB9A1DE18510}.Debug|x86.Build.0 = Debug|Win32
		{7337B65E-FD05-48B3-8D2B-AB9A1DE18510}.Release|x64.ActiveCfg = Release|x64
		{7337B65E-FD05-48B3-8D2B-AB9A1DE18510}.Release|x64.Build.0 = Release|x64
		{7337B65E-FD05-48B3-8D2B-AB9A1DE18510}.Release|x86.ActiveCfg = Release|Win32
		{7337B65E-FD05-48B3-8D2B-AB9A1DE18510}.Release|x86.Build.0 = Release|Win32
		{CDFE4FFC-02AB-4B2D-B2A3-C6BD9DAFBEE3}.Debug|x64.ActiveCfg = Debug|x64
		{CDFE4FFC-02AB-4B2D-B2A3-C6BD9DAFBEE3}.Debug|x64.Build.0 = Debug|x64
		{CDFE4FFC-02AB-4B2D-B2A3-C6BD9DAFBEE3}.Debug|x86.ActiveCfg = Debug|Win32
		{CDFE4FFC-02AB-4B2D-B2A3-C6BD9DAFBEE3}.Debug|x86.Build.0 = Debug|Win32
		{CDFE4FFC-02AB-4B2D-B2A3-C6BD9DAFBEE3}.Release|x64.ActiveCfg = Release|x64
		{CDFE4FFC-02AB-4B2D-B2A3-C6BD9DAFBEE3}.Release|x64.Build.0 = Release|x64
		{CDFE4FFC-02AB-4B2D-B2A3-C6BD9DAFBEE3}.Release|x86.ActiveCfg = Release|Win32
		{CDFE4FFC-02AB-4B2D-B2A3-C6BD9DAFBEE3}.Release|x86.Build.0 = Release|Win32
	EndGlobalSection
	GlobalSection(SolutionProperties) = preSolution
		HideSolutionNode = FALSE
	EndGlobalSection
	GlobalSection(ExtensibilityGlobals) = postSolution
		SolutionGuid = {2AA31F69-B5A3-4C2F-B75F-F206A5FC3EA2}
	EndGlobalSection
EndGlobal
